
Microsoft Visual Studio Solution File, Format Version 12.00
# Visual Studio Version 16
VisualStudioVersion = 16.0.29613.14
MinimumVisualStudioVersion = 10.0.40219.1
Project("{8BC9CEB8-8B4A-11D0-8D11-00A0C91BC942}") = "MAT394_taehoon.kwon_RWS", "MAT394_taehoon.kwon_RWS\MAT394_taehoon.kwon_RWS.vcxproj", "{694C1DEF-3FC7-4F0F-A2F7-1E4DA7D36C7E}"
EndProject
Global
	GlobalSection(SolutionConfigurationPlatforms) = preSolution
		Debug|win32 = Debug|win32
		Release|win32 = Release|win32
	EndGlobalSection
	GlobalSection(ProjectConfigurationPlatforms) = postSolution
		{694C1DEF-3FC7-4F0F-A2F7-1E4DA7D36C7E}.Debug|win32.ActiveCfg = Debug|Win32
		{694C1DEF-3FC7-4F0F-A2F7-1E4DA7D36C7E}.Debug|win32.Build.0 = Debug|Win32
		{694C1DEF-3FC7-4F0F-A2F7-1E4DA7D36C7E}.Release|win32.ActiveCfg = Release|Win32
		{694C1DEF-3FC7-4F0F-A2F7-1E4DA7D36C7E}.Release|win32.Build.0 = Release|Win32
	EndGlobalSection
	GlobalSection(SolutionProperties) = preSolution
		HideSolutionNode = FALSE
	EndGlobalSection
	GlobalSection(ExtensibilityGlobals) = postSolution
		SolutionGuid = {DE7B294D-6B32-4192-9A2B-F6A7E9023CE8}
	EndGlobalSection
EndGlobal
